# This file is automatically @generated by Cargo.
# It is not intended for manual editing.
version = 4

[[package]]
name = "franken-snowflake-auth"
version = "0.0.0"

[[package]]
name = "franken-snowflake-cli"
version = "0.0.0"

[[package]]
name = "franken-snowflake-core"
version = "0.0.0"

[[package]]
name = "franken-snowflake-sqlapi"
version = "0.0.0"

[[package]]
name = "franken-snowflake-testkit"
version = "0.0.0"
